// !$*UTF8*$!
{
	archiveVersion = 1;
	classes = {
	};
	objectVersion = 46;
	objects = {

/* Begin PBXBuildFile section */
		D92097201D0152CA00BE4D85 /* main.m in Sources */ = {isa = PBXBuildFile; fileRef = D920971F1D0152CA00BE4D85 /* main.m */; };
		D92097231D0152CA00BE4D85 /* AppDelegate.m in Sources */ = {isa = PBXBuildFile; fileRef = D92097221D0152CA00BE4D85 /* AppDelegate.m */; };
		D92097261D0152CA00BE4D85 /* ViewController.m in Sources */ = {isa = PBXBuildFile; fileRef = D92097251D0152CA00BE4D85 /* ViewController.m */; };
		D92097291D0152CA00BE4D85 /* Main.storyboard in Resources */ = {isa = PBXBuildFile; fileRef = D92097271D0152CA00BE4D85 /* Main.storyboard */; };
		D920972B1D0152CA00BE4D85 /* Assets.xcassets in Resources */ = {isa = PBXBuildFile; fileRef = D920972A1D0152CA00BE4D85 /* Assets.xcassets */; };
		D920972E1D0152CA00BE4D85 /* LaunchScreen.storyboard in Resources */ = {isa = PBXBuildFile; fileRef = D920972C1D0152CA00BE4D85 /* LaunchScreen.storyboard */; };
		D92097391D0152CA00BE4D85 /* Sample_ConferenceTests.m in Sources */ = {isa = PBXBuildFile; fileRef = D92097381D0152CA00BE4D85 /* Sample_ConferenceTests.m */; };
		D92097441D0152CA00BE4D85 /* Sample_ConferenceUITests.m in Sources */ = {isa = PBXBuildFile; fileRef = D92097431D0152CA00BE4D85 /* Sample_ConferenceUITests.m */; };
/* End PBXBuildFile section */

/* Begin PBXContainerItemProxy section */
		D92097351D0152CA00BE4D85 /* PBXContainerItemProxy */ = {
			isa = PBXContainerItemProxy;
			containerPortal = D92097131D0152CA00BE4D85 /* Project object */;
			proxyType = 1;
			remoteGlobalIDString = D920971A1D0152CA00BE4D85;
			remoteInfo = Sample_Conference;
		};
		D92097401D0152CA00BE4D85 /* PBXContainerItemProxy */ = {
			isa = PBXContainerItemProxy;
			containerPortal = D92097131D0152CA00BE4D85 /* Project object */;
			proxyType = 1;
			remoteGlobalIDString = D920971A1D0152CA00BE4D85;
			remoteInfo = Sample_Conference;
		};
/* End PBXContainerItemProxy section */

/* Begin PBXFileReference section */
		D920971B1D0152CA00BE4D85 /* Sample_Conference.app */ = {isa = PBXFileReference; explicitFileType = wrapper.application; includeInIndex = 0; path = Sample_Conference.app; sourceTree = BUILT_PRODUCTS_DIR; };
		D920971F1D0152CA00BE4D85 /* main.m */ = {isa = PBXFileReference; lastKnownFileType = sourcecode.c.objc; path = main.m; sourceTree = "<group>"; };
		D92097211D0152CA00BE4D85 /* AppDelegate.h */ = {isa = PBXFileReference; lastKnownFileType = sourcecode.c.h; path = AppDelegate.h; sourceTree = "<group>"; };
		D92097221D0152CA00BE4D85 /* AppDelegate.m */ = {isa = PBXFileReference; lastKnownFileType = sourcecode.c.objc; path = AppDelegate.m; sourceTree = "<group>"; };
		D92097241D0152CA00BE4D85 /* ViewController.h */ = {isa = PBXFileReference; lastKnownFileType = sourcecode.c.h; path = ViewController.h; sourceTree = "<group>"; };
		D92097251D0152CA00BE4D85 /* ViewController.m */ = {isa = PBXFileReference; lastKnownFileType = sourcecode.c.objc; path = ViewController.m; sourceTree = "<group>"; };
		D92097281D0152CA00BE4D85 /* Base */ = {isa = PBXFileReference; lastKnownFileType = file.storyboard; name = Base; path = Base.lproj/Main.storyboard; sourceTree = "<group>"; };
		D920972A1D0152CA00BE4D85 /* Assets.xcassets */ = {isa = PBXFileReference; lastKnownFileType = folder.assetcatalog; path = Assets.xcassets; sourceTree = "<group>"; };
		D920972D1D0152CA00BE4D85 /* Base */ = {isa = PBXFileReference; lastKnownFileType = file.storyboard; name = Base; path = Base.lproj/LaunchScreen.storyboard; sourceTree = "<group>"; };
		D920972F1D0152CA00BE4D85 /* Info.plist */ = {isa = PBXFileReference; lastKnownFileType = text.plist.xml; path = Info.plist; sourceTree = "<group>"; };
		D92097341D0152CA00BE4D85 /* Sample_ConferenceTests.xctest */ = {isa = PBXFileReference; explicitFileType = wrapper.cfbundle; includeInIndex = 0; path = Sample_ConferenceTests.xctest; sourceTree = BUILT_PRODUCTS_DIR; };
		D92097381D0152CA00BE4D85 /* Sample_ConferenceTests.m */ = {isa = PBXFileReference; lastKnownFileType = sourcecode.c.objc; path = Sample_ConferenceTests.m; sourceTree = "<group>"; };
		D920973A1D0152CA00BE4D85 /* Info.plist */ = {isa = PBXFileReference; lastKnownFileType = text.plist.xml; path = Info.plist; sourceTree = "<group>"; };
		D920973F1D0152CA00BE4D85 /* Sample_ConferenceUITests.xctest */ = {isa = PBXFileReference; explicitFileType = wrapper.cfbundle; includeInIndex = 0; path = Sample_ConferenceUITests.xctest; sourceTree = BUILT_PRODUCTS_DIR; };
		D92097431D0152CA00BE4D85 /* Sample_ConferenceUITests.m */ = {isa = PBXFileReference; lastKnownFileType = sourcecode.c.objc; path = Sample_ConferenceUITests.m; sourceTree = "<group>"; };
		D92097451D0152CA00BE4D85 /* Info.plist */ = {isa = PBXFileReference; lastKnownFileType = text.plist.xml; path = Info.plist; sourceTree = "<group>"; };
/* End PBXFileReference section */

/* Begin PBXFrameworksBuildPhase section */
		D92097181D0152CA00BE4D85 /* Frameworks */ = {
			isa = PBXFrameworksBuildPhase;
			buildActionMask = 2147483647;
			files = (
			);
			runOnlyForDeploymentPostprocessing = 0;
		};
		D92097311D0152CA00BE4D85 /* Frameworks */ = {
			isa = PBXFrameworksBuildPhase;
			buildActionMask = 2147483647;
			files = (
			);
			runOnlyForDeploymentPostprocessing = 0;
		};
		D920973C1D0152CA00BE4D85 /* Frameworks */ = {
			isa = PBXFrameworksBuildPhase;
			buildActionMask = 2147483647;
			files = (
			);
			runOnlyForDeploymentPostprocessing = 0;
		};
/* End PBXFrameworksBuildPhase section */

/* Begin PBXGroup section */
		D92097121D0152CA00BE4D85 = {
			isa = PBXGroup;
			children = (
				D920971D1D0152CA00BE4D85 /* Sample_Conference */,
				D92097371D0152CA00BE4D85 /* Sample_ConferenceTests */,
				D92097421D0152CA00BE4D85 /* Sample_ConferenceUITests */,
				D920971C1D0152CA00BE4D85 /* Products */,
			);
			sourceTree = "<group>";
		};
		D920971C1D0152CA00BE4D85 /* Products */ = {
			isa = PBXGroup;
			children = (
				D920971B1D0152CA00BE4D85 /* Sample_Conference.app */,
				D92097341D0152CA00BE4D85 /* Sample_ConferenceTests.xctest */,
				D920973F1D0152CA00BE4D85 /* Sample_ConferenceUITests.xctest */,
			);
			name = Products;
			sourceTree = "<group>";
		};
		D920971D1D0152CA00BE4D85 /* Sample_Conference */ = {
			isa = PBXGroup;
			children = (
				D92097211D0152CA00BE4D85 /* AppDelegate.h */,
				D92097221D0152CA00BE4D85 /* AppDelegate.m */,
				D92097241D0152CA00BE4D85 /* ViewController.h */,
				D92097251D0152CA00BE4D85 /* ViewController.m */,
				D92097271D0152CA00BE4D85 /* Main.storyboard */,
				D920972A1D0152CA00BE4D85 /* Assets.xcassets */,
				D920972C1D0152CA00BE4D85 /* LaunchScreen.storyboard */,
				D920972F1D0152CA00BE4D85 /* Info.plist */,
				D920971E1D0152CA00BE4D85 /* Supporting Files */,
			);
			path = Sample_Conference;
			sourceTree = "<group>";
		};
		D920971E1D0152CA00BE4D85 /* Supporting Files */ = {
			isa = PBXGroup;
			children = (
				D920971F1D0152CA00BE4D85 /* main.m */,
			);
			name = "Supporting Files";
			sourceTree = "<group>";
		};
		D92097371D0152CA00BE4D85 /* Sample_ConferenceTests */ = {
			isa = PBXGroup;
			children = (
				D92097381D0152CA00BE4D85 /* Sample_ConferenceTests.m */,
				D920973A1D0152CA00BE4D85 /* Info.plist */,
			);
			path = Sample_ConferenceTests;
			sourceTree = "<group>";
		};
		D92097421D0152CA00BE4D85 /* Sample_ConferenceUITests */ = {
			isa = PBXGroup;
			children = (
				D92097431D0152CA00BE4D85 /* Sample_ConferenceUITests.m */,
				D92097451D0152CA00BE4D85 /* Info.plist */,
			);
			path = Sample_ConferenceUITests;
			sourceTree = "<group>";
		};
/* End PBXGroup section */

/* Begin PBXNativeTarget section */
		D920971A1D0152CA00BE4D85 /* Sample_Conference */ = {
			isa = PBXNativeTarget;
			buildConfigurationList = D92097481D0152CA00BE4D85 /* Build configuration list for PBXNativeTarget "Sample_Conference" */;
			buildPhases = (
				D92097171D0152CA00BE4D85 /* Sources */,
				D92097181D0152CA00BE4D85 /* Frameworks */,
				D92097191D0152CA00BE4D85 /* Resources */,
			);
			buildRules = (
			);
			dependencies = (
			);
			name = Sample_Conference;
			productName = Sample_Conference;
			productReference = D920971B1D0152CA00BE4D85 /* Sample_Conference.app */;
			productType = "com.apple.product-type.application";
		};
		D92097331D0152CA00BE4D85 /* Sample_ConferenceTests */ = {
			isa = PBXNativeTarget;
			buildConfigurationList = D920974B1D0152CA00BE4D85 /* Build configuration list for PBXNativeTarget "Sample_ConferenceTests" */;
			buildPhases = (
				D92097301D0152CA00BE4D85 /* Sources */,
				D92097311D0152CA00BE4D85 /* Frameworks */,
				D92097321D0152CA00BE4D85 /* Resources */,
			);
			buildRules = (
			);
			dependencies = (
				D92097361D0152CA00BE4D85 /* PBXTargetDependency */,
			);
			name = Sample_ConferenceTests;
			productName = Sample_ConferenceTests;
			productReference = D92097341D0152CA00BE4D85 /* Sample_ConferenceTests.xctest */;
			productType = "com.apple.product-type.bundle.unit-test";
		};
		D920973E1D0152CA00BE4D85 /* Sample_ConferenceUITests */ = {
			isa = PBXNativeTarget;
			buildConfigurationList = D920974E1D0152CA00BE4D85 /* Build configuration list for PBXNativeTarget "Sample_ConferenceUITests" */;
			buildPhases = (
				D920973B1D0152CA00BE4D85 /* Sources */,
				D920973C1D0152CA00BE4D85 /* Frameworks */,
				D920973D1D0152CA00BE4D85 /* Resources */,
			);
			buildRules = (
			);
			dependencies = (
				D92097411D0152CA00BE4D85 /* PBXTargetDependency */,
			);
			name = Sample_ConferenceUITests;
			productName = Sample_ConferenceUITests;
			productReference = D920973F1D0152CA00BE4D85 /* Sample_ConferenceUITests.xctest */;
			productType = "com.apple.product-type.bundle.ui-testing";
		};
/* End PBXNativeTarget section */

/* Begin PBXProject section */
		D92097131D0152CA00BE4D85 /* Project object */ = {
			isa = PBXProject;
			attributes = {
				LastUpgradeCheck = 0730;
				ORGANIZATIONNAME = com.PP;
				TargetAttributes = {
					D920971A1D0152CA00BE4D85 = {
						CreatedOnToolsVersion = 7.3.1;
					};
					D92097331D0152CA00BE4D85 = {
						CreatedOnToolsVersion = 7.3.1;
						TestTargetID = D920971A1D0152CA00BE4D85;
					};
					D920973E1D0152CA00BE4D85 = {
						CreatedOnToolsVersion = 7.3.1;
						TestTargetID = D920971A1D0152CA00BE4D85;
					};
				};
			};
			buildConfigurationList = D92097161D0152CA00BE4D85 /* Build configuration list for PBXProject "Sample_Conference" */;
			compatibilityVersion = "Xcode 3.2";
			developmentRegion = English;
			hasScannedForEncodings = 0;
			knownRegions = (
				en,
				Base,
			);
			mainGroup = D92097121D0152CA00BE4D85;
			productRefGroup = D920971C1D0152CA00BE4D85 /* Products */;
			projectDirPath = "";
			projectRoot = "";
			targets = (
				D920971A1D0152CA00BE4D85 /* Sample_Conference */,
				D92097331D0152CA00BE4D85 /* Sample_ConferenceTests */,
				D920973E1D0152CA00BE4D85 /* Sample_ConferenceUITests */,
			);
		};
/* End PBXProject section */

/* Begin PBXResourcesBuildPhase section */
		D92097191D0152CA00BE4D85 /* Resources */ = {
			isa = PBXResourcesBuildPhase;
			buildActionMask = 2147483647;
			files = (
				D920972E1D0152CA00BE4D85 /* LaunchScreen.storyboard in Resources */,
				D920972B1D0152CA00BE4D85 /* Assets.xcassets in Resources */,
				D92097291D0152CA00BE4D85 /* Main.storyboard in Resources */,
			);
			runOnlyForDeploymentPostprocessing = 0;
		};
		D92097321D0152CA00BE4D85 /* Resources */ = {
			isa = PBXResourcesBuildPhase;
			buildActionMask = 2147483647;
			files = (
			);
			runOnlyForDeploymentPostprocessing = 0;
		};
		D920973D1D0152CA00BE4D85 /* Resources */ = {
			isa = PBXResourcesBuildPhase;
			buildActionMask = 2147483647;
			files = (
			);
			runOnlyForDeploymentPostprocessing = 0;
		};
/* End PBXResourcesBuildPhase section */

/* Begin PBXSourcesBuildPhase section */
		D92097171D0152CA00BE4D85 /* Sources */ = {
			isa = PBXSourcesBuildPhase;
			buildActionMask = 2147483647;
			files = (
				D92097261D0152CA00BE4D85 /* ViewController.m in Sources */,
				D92097231D0152CA00BE4D85 /* AppDelegate.m in Sources */,
				D92097201D0152CA00BE4D85 /* main.m in Sources */,
			);
			runOnlyForDeploymentPostprocessing = 0;
		};
		D92097301D0152CA00BE4D85 /* Sources */ = {
			isa = PBXSourcesBuildPhase;
			buildActionMask = 2147483647;
			files = (
				D92097391D0152CA00BE4D85 /* Sample_ConferenceTests.m in Sources */,
			);
			runOnlyForDeploymentPostprocessing = 0;
		};
		D920973B1D0152CA00BE4D85 /* Sources */ = {
			isa = PBXSourcesBuildPhase;
			buildActionMask = 2147483647;
			files = (
				D92097441D0152CA00BE4D85 /* Sample_ConferenceUITests.m in Sources */,
			);
			runOnlyForDeploymentPostprocessing = 0;
		};
/* End PBXSourcesBuildPhase section */

/* Begin PBXTargetDependency section */
		D92097361D0152CA00BE4D85 /* PBXTargetDependency */ = {
			isa = PBXTargetDependency;
			target = D920971A1D0152CA00BE4D85 /* Sample_Conference */;
			targetProxy = D92097351D0152CA00BE4D85 /* PBXContainerItemProxy */;
		};
		D92097411D0152CA00BE4D85 /* PBXTargetDependency */ = {
			isa = PBXTargetDependency;
			target = D920971A1D0152CA00BE4D85 /* Sample_Conference */;
			targetProxy = D92097401D0152CA00BE4D85 /* PBXContainerItemProxy */;
		};
/* End PBXTargetDependency section */

/* Begin PBXVariantGroup section */
		D92097271D0152CA00BE4D85 /* Main.storyboard */ = {
			isa = PBXVariantGroup;
			children = (
				D92097281D0152CA00BE4D85 /* Base */,
			);
			name = Main.storyboard;
			sourceTree = "<group>";
		};
		D920972C1D0152CA00BE4D85 /* LaunchScreen.storyboard */ = {
			isa = PBXVariantGroup;
			children = (
				D920972D1D0152CA00BE4D85 /* Base */,
			);
			name = LaunchScreen.storyboard;
			sourceTree = "<group>";
		};
/* End PBXVariantGroup section */

/* Begin XCBuildConfiguration section */
		D92097461D0152CA00BE4D85 /* Debug */ = {
			isa = XCBuildConfiguration;
			buildSettings = {
				ALWAYS_SEARCH_USER_PATHS = NO;
				CLANG_ANALYZER_NONNULL = YES;
				CLANG_CXX_LANGUAGE_STANDARD = "gnu++0x";
				CLANG_CXX_LIBRARY = "libc++";
				CLANG_ENABLE_MODULES = YES;
				CLANG_ENABLE_OBJC_ARC = YES;
				CLANG_WARN_BOOL_CONVERSION = YES;
				CLANG_WARN_CONSTANT_CONVERSION = YES;
				CLANG_WARN_DIRECT_OBJC_ISA_USAGE = YES_ERROR;
				CLANG_WARN_EMPTY_BODY = YES;
				CLANG_WARN_ENUM_CONVERSION = YES;
				CLANG_WARN_INT_CONVERSION = YES;
				CLANG_WARN_OBJC_ROOT_CLASS = YES_ERROR;
				CLANG_WARN_UNREACHABLE_CODE = YES;
				CLANG_WARN__DUPLICATE_METHOD_MATCH = YES;
				"CODE_SIGN_IDENTITY[sdk=iphoneos*]" = "iPhone Developer";
				COPY_PHASE_STRIP = NO;
				DEBUG_INFORMATION_FORMAT = dwarf;
				ENABLE_STRICT_OBJC_MSGSEND = YES;
				ENABLE_TESTABILITY = YES;
				GCC_C_LANGUAGE_STANDARD = gnu99;
				GCC_DYNAMIC_NO_PIC = NO;
				GCC_NO_COMMON_BLOCKS = YES;
				GCC_OPTIMIZATION_LEVEL = 0;
				GCC_PREPROCESSOR_DEFINITIONS = (
					"DEBUG=1",
					"$(inherited)",
				);
				GCC_WARN_64_TO_32_BIT_CONVERSION = YES;
				GCC_WARN_ABOUT_RETURN_TYPE = YES_ERROR;
				GCC_WARN_UNDECLARED_SELECTOR = YES;
				GCC_WARN_UNINITIALIZED_AUTOS = YES_AGGRESSIVE;
				GCC_WARN_UNUSED_FUNCTION = YES;
				GCC_WARN_UNUSED_VARIABLE = YES;
				IPHONEOS_DEPLOYMENT_TARGET = 9.3;
				MTL_ENABLE_DEBUG_INFO = YES;
				ONLY_ACTIVE_ARCH = YES;
				SDKROOT = iphoneos;
				TARGETED_DEVICE_FAMILY = "1,2";
			};
			name = Debug;
		};
		D92097471D0152CA00BE4D85 /* Release */ = {
			isa = XCBuildConfiguration;
			buildSettings = {
				ALWAYS_SEARCH_USER_PATHS = NO;
				CLANG_ANALYZER_NONNULL = YES;
				CLANG_CXX_LANGUAGE_STANDARD = "gnu++0x";
				CLANG_CXX_LIBRARY = "libc++";
				CLANG_ENABLE_MODULES = YES;
				CLANG_ENABLE_OBJC_ARC = YES;
				CLANG_WARN_BOOL_CONVERSION = YES;
				CLANG_WARN_CONSTANT_CONVERSION = YES;
				CLANG_WARN_DIRECT_OBJC_ISA_USAGE = YES_ERROR;
				CLANG_WARN_EMPTY_BODY = YES;
				CLANG_WARN_ENUM_CONVERSION = YES;
				CLANG_WARN_INT_CONVERSION = YES;
				CLANG_WARN_OBJC_ROOT_CLASS = YES_ERROR;
				CLANG_WARN_UNREACHABLE_CODE = YES;
				CLANG_WARN__DUPLICATE_METHOD_MATCH = YES;
				"CODE_SIGN_IDENTITY[sdk=iphoneos*]" = "iPhone Developer";
				COPY_PHASE_STRIP = NO;
				DEBUG_INFORMATION_FORMAT = "dwarf-with-dsym";
				ENABLE_NS_ASSERTIONS = NO;
				ENABLE_STRICT_OBJC_MSGSEND = YES;
				GCC_C_LANGUAGE_STANDARD = gnu99;
				GCC_NO_COMMON_BLOCKS = YES;
				GCC_WARN_64_TO_32_BIT_CONVERSION = YES;
				GCC_WARN_ABOUT_RETURN_TYPE = YES_ERROR;
				GCC_WARN_UNDECLARED_SELECTOR = YES;
				GCC_WARN_UNINITIALIZED_AUTOS = YES_AGGRESSIVE;
				GCC_WARN_UNUSED_FUNCTION = YES;
				GCC_WARN_UNUSED_VARIABLE = YES;
				IPHONEOS_DEPLOYMENT_TARGET = 9.3;
				MTL_ENABLE_DEBUG_INFO = NO;
				SDKROOT = iphoneos;
				TARGETED_DEVICE_FAMILY = "1,2";
				VALIDATE_PRODUCT = YES;
			};
			name = Release;
		};
		D92097491D0152CA00BE4D85 /* Debug */ = {
			isa = XCBuildConfiguration;
			buildSettings = {
				ASSETCATALOG_COMPILER_APPICON_NAME = AppIcon;
				INFOPLIST_FILE = Sample_Conference/Info.plist;
				IPHONEOS_DEPLOYMENT_TARGET = 9.0;
				LD_RUNPATH_SEARCH_PATHS = "$(inherited) @executable_path/Frameworks";
				PRODUCT_BUNDLE_IDENTIFIER = "com.sample.Sample-Conference";
				PRODUCT_NAME = "$(TARGET_NAME)";
			};
			name = Debug;
		};
		D920974A1D0152CA00BE4D85 /* Release */ = {
			isa = XCBuildConfiguration;
			buildSettings = {
				ASSETCATALOG_COMPILER_APPICON_NAME = AppIcon;
				INFOPLIST_FILE = Sample_Conference/Info.plist;
				IPHONEOS_DEPLOYMENT_TARGET = 9.0;
				LD_RUNPATH_SEARCH_PATHS = "$(inherited) @executable_path/Frameworks";
				PRODUCT_BUNDLE_IDENTIFIER = "com.sample.Sample-Conference";
				PRODUCT_NAME = "$(TARGET_NAME)";
			};
			name = Release;
		};
		D920974C1D0152CA00BE4D85 /* Debug */ = {
			isa = XCBuildConfiguration;
			buildSettings = {
				BUNDLE_LOADER = "$(TEST_HOST)";
				INFOPLIST_FILE = Sample_ConferenceTests/Info.plist;
				LD_RUNPATH_SEARCH_PATHS = "$(inherited) @executable_path/Frameworks @loader_path/Frameworks";
				PRODUCT_BUNDLE_IDENTIFIER = "com.sample.Sample-ConferenceTests";
				PRODUCT_NAME = "$(TARGET_NAME)";
				TEST_HOST = "$(BUILT_PRODUCTS_DIR)/Sample_Conference.app/Sample_Conference";
			};
			name = Debug;
		};
		D920974D1D0152CA00BE4D85 /* Release */ = {
			isa = XCBuildConfiguration;
			buildSettings = {
				BUNDLE_LOADER = "$(TEST_HOST)";
				INFOPLIST_FILE = Sample_ConferenceTests/Info.plist;
				LD_RUNPATH_SEARCH_PATHS = "$(inherited) @executable_path/Frameworks @loader_path/Frameworks";
				PRODUCT_BUNDLE_IDENTIFIER = "com.sample.Sample-ConferenceTests";
				PRODUCT_NAME = "$(TARGET_NAME)";
				TEST_HOST = "$(BUILT_PRODUCTS_DIR)/Sample_Conference.app/Sample_Conference";
			};
			name = Release;
		};
		D920974F1D0152CA00BE4D85 /* Debug */ = {
			isa = XCBuildConfiguration;
			buildSettings = {
				INFOPLIST_FILE = Sample_ConferenceUITests/Info.plist;
				LD_RUNPATH_SEARCH_PATHS = "$(inherited) @executable_path/Frameworks @loader_path/Frameworks";
				PRODUCT_BUNDLE_IDENTIFIER = "com.sample.Sample-ConferenceUITests";
				PRODUCT_NAME = "$(TARGET_NAME)";
				TEST_TARGET_NAME = Sample_Conference;
			};
			name = Debug;
		};
		D92097501D0152CA00BE4D85 /* Release */ = {
			isa = XCBuildConfiguration;
			buildSettings = {
				INFOPLIST_FILE = Sample_ConferenceUITests/Info.plist;
				LD_RUNPATH_SEARCH_PATHS = "$(inherited) @executable_path/Frameworks @loader_path/Frameworks";
				PRODUCT_BUNDLE_IDENTIFIER = "com.sample.Sample-ConferenceUITests";
				PRODUCT_NAME = "$(TARGET_NAME)";
				TEST_TARGET_NAME = Sample_Conference;
			};
			name = Release;
		};
/* End XCBuildConfiguration section */

/* Begin XCConfigurationList section */
		D92097161D0152CA00BE4D85 /* Build configuration list for PBXProject "Sample_Conference" */ = {
			isa = XCConfigurationList;
			buildConfigurations = (
				D92097461D0152CA00BE4D85 /* Debug */,
				D92097471D0152CA00BE4D85 /* Release */,
			);
			defaultConfigurationIsVisible = 0;
			defaultConfigurationName = Release;
		};
		D92097481D0152CA00BE4D85 /* Build configuration list for PBXNativeTarget "Sample_Conference" */ = {
			isa = XCConfigurationList;
			buildConfigurations = (
				D92097491D0152CA00BE4D85 /* Debug */,
				D920974A1D0152CA00BE4D85 /* Release */,
			);
			defaultConfigurationIsVisible = 0;
		};
		D920974B1D0152CA00BE4D85 /* Build configuration list for PBXNativeTarget "Sample_ConferenceTests" */ = {
			isa = XCConfigurationList;
			buildConfigurations = (
				D920974C1D0152CA00BE4D85 /* Debug */,
				D920974D1D0152CA00BE4D85 /* Release */,
			);
			defaultConfigurationIsVisible = 0;
		};
		D920974E1D0152CA00BE4D85 /* Build configuration list for PBXNativeTarget "Sample_ConferenceUITests" */ = {
			isa = XCConfigurationList;
			buildConfigurations = (
				D920974F1D0152CA00BE4D85 /* Debug */,
				D92097501D0152CA00BE4D85 /* Release */,
			);
			defaultConfigurationIsVisible = 0;
		};
/* End XCConfigurationList section */
	};
	rootObject = D92097131D0152CA00BE4D85 /* Project object */;
}
